{
  "name": "BlockyThing",
  "version": "1.0.0",
  "lockfileVersion": 2,
  "requires": true,
  "packages": {
    "": {
      "version": "1.0.0",
      "license": "ISC",
      "dependencies": {
        "@rbxts/object-utils": "^1.0.4",
        "@rbxts/services": "^1.1.4"
      },
      "devDependencies": {
        "@rbxts/compiler-types": "^1.0.0-beta.16.1",
        "@rbxts/types": "^1.0.480"
      }
    },
    "node_modules/@rbxts/compiler-types": {
      "version": "1.0.0-beta.16.1",
      "resolved": "https://registry.npmjs.org/@rbxts/compiler-types/-/compiler-types-1.0.0-beta.16.1.tgz",
      "integrity": "sha512-Z3sDPoxEVS+u8i4eo/cH+utBf3W4hb3J71XrtKbbFHYL7jqhXWjkEF10kJomGfwiCd2+aBRMnPtlfyce3B/3/Q==",
      "dev": true
    },
    "node_modules/@rbxts/object-utils": {
      "version": "1.0.4",
      "resolved": "https://registry.npmjs.org/@rbxts/object-utils/-/object-utils-1.0.4.tgz",
      "integrity": "sha512-dLLhf022ipV+9i910sOE7kl9losKHoon0WgeerHqVMQA5EYsLUsVT2AxhJuhk8MiDn5oJ2GiFofE/LadY9TpJQ=="
    },
    "node_modules/@rbxts/services": {
      "version": "1.1.4",
      "resolved": "https://registry.npmjs.org/@rbxts/services/-/services-1.1.4.tgz",
      "integrity": "sha512-6H+ltvNCZKZeAXVxFPUpUzkQ3nCrBZuFbFVE5U7/5itOYM4c057YMPARtZk6XCmipWfBhiZQG5v4DvMRZ5aOig=="
    },
    "node_modules/@rbxts/types": {
      "version": "1.0.480",
      "resolved": "https://registry.npmjs.org/@rbxts/types/-/types-1.0.480.tgz",
      "integrity": "sha512-3iUnl1EG2SBN1o3D1p+EUsHcRx258DowQ/jKS/N/qeDhKktbzjRFcjqyI8ZUT/GsrBFTtU5lxCODCNYh+WXj5g==",
      "dev": true
    }
  },
  "dependencies": {
    "@rbxts/compiler-types": {
      "version": "1.0.0-beta.16.1",
      "resolved": "https://registry.npmjs.org/@rbxts/compiler-types/-/compiler-types-1.0.0-beta.16.1.tgz",
      "integrity": "sha512-Z3sDPoxEVS+u8i4eo/cH+utBf3W4hb3J71XrtKbbFHYL7jqhXWjkEF10kJomGfwiCd2+aBRMnPtlfyce3B/3/Q==",
      "dev": true
    },
    "@rbxts/object-utils": {
      "version": "1.0.4",
      "resolved": "https://registry.npmjs.org/@rbxts/object-utils/-/object-utils-1.0.4.tgz",
      "integrity": "sha512-dLLhf022ipV+9i910sOE7kl9losKHoon0WgeerHqVMQA5EYsLUsVT2AxhJuhk8MiDn5oJ2GiFofE/LadY9TpJQ=="
    },
    "@rbxts/services": {
      "version": "1.1.4",
      "resolved": "https://registry.npmjs.org/@rbxts/services/-/services-1.1.4.tgz",
      "integrity": "sha512-6H+ltvNCZKZeAXVxFPUpUzkQ3nCrBZuFbFVE5U7/5itOYM4c057YMPARtZk6XCmipWfBhiZQG5v4DvMRZ5aOig=="
    },
    "@rbxts/types": {
      "version": "1.0.480",
      "resolved": "https://registry.npmjs.org/@rbxts/types/-/types-1.0.480.tgz",
      "integrity": "sha512-3iUnl1EG2SBN1o3D1p+EUsHcRx258DowQ/jKS/N/qeDhKktbzjRFcjqyI8ZUT/GsrBFTtU5lxCODCNYh+WXj5g==",
      "dev": true
    }
  }
}
